
Microsoft Visual Studio Solution File, Format Version 12.00
# Visual Studio Version 16
VisualStudioVersion = 16.0.29324.140
MinimumVisualStudioVersion = 10.0.40219.1
Project("{FAE04EC0-301F-11D3-BF4B-00C04F79EFBC}") = "Assignment1", "Assignment1.csproj", "{8BDE2172-0EDB-4D55-BB7A-D8B804B70CA1}"
EndProject
Global
	GlobalSection(SolutionConfigurationPlatforms) = preSolution
		Debug|Any CPU = Debug|Any CPU
		Release|Any CPU = Release|Any CPU
	EndGlobalSection
	GlobalSection(ProjectConfigurationPlatforms) = postSolution
		{8BDE2172-0EDB-4D55-BB7A-D8B804B70CA1}.Debug|Any CPU.ActiveCfg = Debug|Any CPU
		{8BDE2172-0EDB-4D55-BB7A-D8B804B70CA1}.Debug|Any CPU.Build.0 = Debug|Any CPU
		{8BDE2172-0EDB-4D55-BB7A-D8B804B70CA1}.Release|Any CPU.ActiveCfg = Release|Any CPU
		{8BDE2172-0EDB-4D55-BB7A-D8B804B70CA1}.Release|Any CPU.Build.0 = Release|Any CPU
	EndGlobalSection
	GlobalSection(SolutionProperties) = preSolution
		HideSolutionNode = FALSE
	EndGlobalSection
	GlobalSection(ExtensibilityGlobals) = postSolution
		SolutionGuid = {98676B55-C55E-4325-9114-183B5723E99B}
	EndGlobalSection
EndGlobal
